
Microsoft Visual Studio Solution File, Format Version 12.00
# Visual Studio Version 16
VisualStudioVersion = 25.0.1704.2
MinimumVisualStudioVersion = 10.0.40219.1
Project("{FAE04EC0-301F-11D3-BF4B-00C04F79EFBC}") = "Agrifood", "Agrifood.csproj", "{8FEFCF41-A53A-4163-8761-C756987E9D7B}"
EndProject
Global
	GlobalSection(SolutionConfigurationPlatforms) = preSolution
		Debug|Any CPU = Debug|Any CPU
		Release|Any CPU = Release|Any CPU
	EndGlobalSection
	GlobalSection(ProjectConfigurationPlatforms) = postSolution
		{8FEFCF41-A53A-4163-8761-C756987E9D7B}.Debug|Any CPU.ActiveCfg = Debug|Any CPU
		{8FEFCF41-A53A-4163-8761-C756987E9D7B}.Debug|Any CPU.Build.0 = Debug|Any CPU
		{8FEFCF41-A53A-4163-8761-C756987E9D7B}.Release|Any CPU.ActiveCfg = Release|Any CPU
		{8FEFCF41-A53A-4163-8761-C756987E9D7B}.Release|Any CPU.Build.0 = Release|Any CPU
	EndGlobalSection
	GlobalSection(SolutionProperties) = preSolution
		HideSolutionNode = FALSE
	EndGlobalSection
	GlobalSection(ExtensibilityGlobals) = postSolution
		SolutionGuid = {9263AE4A-05ED-4417-96D7-DF60E4A95C3D}
	EndGlobalSection
EndGlobal
